NeoBundleLock STL-Syntax 9fe49f3774f14ec2fd3744308af881226eba8f17
NeoBundleLock emmet-vim e24ea1734e77c76913e7eca3bbee9f5e238e4a84
NeoBundleLock jellybeans.vim f931895c20681684278aef2ffd810730b9c36ec3
NeoBundleLock lightline.vim 9883aaba3f4a4718559ca7f830cd6f4cf52842f0
NeoBundleLock neco-ghc 53a3d63bc4ecc10d8506a40a0472987f262050da
NeoBundleLock neobundle.vim e7c1e4122b1d1ec1841256abeb7999758aaa9fca
NeoBundleLock neocomplete.vim 876f88ee9d1b49f3b5826f2d386cdd8a095a977a
NeoBundleLock neosnippet 02176938f751e20a3a794e836aaba14e11eba34e
NeoBundleLock neosnippet-snippets 0dd4b86088c9162492411d4ec40a64fe369c4396
NeoBundleLock seiya.vim dd08657acc0ccbfd465c6134d284c725460ea538
NeoBundleLock unite.vim d6e85065730554f4058f71e9dc58be15aabe0810
NeoBundleLock vim-autoclose a9a3b7384657bc1f60a963fd6c08c63fc48d61c3
NeoBundleLock vim-hybrid 37a2d17c8d7b6cfe5288ef01b9b574828420de62
NeoBundleLock vim-niji 444123706d89685fe8a2fd2a7d21e0dd69500684
NeoBundleLock vimproc c809cb15f04f2ae62cb345365d2e76665294623b
NeoBundleLock vimshell 7931e3bf9fbba738b26bb76143dfc1df17f7a99b
