NeoBundleLock STL-Syntax 9fe49f3774f14ec2fd3744308af881226eba8f17
NeoBundleLock deoplete.nvim 8c80efc7ed2fc4d6569a9e9770e4a502704f270c
NeoBundleLock jellybeans.vim f931895c20681684278aef2ffd810730b9c36ec3
NeoBundleLock lightline.vim 4b1dea2efc7d1b546af5e6ddbe804c45d4296ea5
NeoBundleLock neobundle.vim e89b79b748a2f54893bb8fba70ca808d8ee554c7
NeoBundleLock open-browser.vim 60726473a9507d122d72bcd02c8eb69146351d8b
NeoBundleLock previm b130f24277e3c6a5afa3984921516b0a83b31d28
NeoBundleLock vim-autoclose a9a3b7384657bc1f60a963fd6c08c63fc48d61c3
NeoBundleLock vim-hybrid 37a2d17c8d7b6cfe5288ef01b9b574828420de62
NeoBundleLock vim-markdown c3cf665a094edbf8ccfe549e0000bc9f66520a80
NeoBundleLock vim-niji 444123706d89685fe8a2fd2a7d21e0dd69500684
NeoBundleLock vim-quickrun 97e1c8f6674d3ccce4730510d67c4e15894adcdc
NeoBundleLock vimtex 20e4f23a895d4b5fa56db3303e1fcb02ace51002
